{
    "_readme": [
        "This file locks the dependencies of your project to a known state",
        "Read more about it at https://getcomposer.org/doc/01-basic-usage.md#composer-lock-the-lock-file",
        "This file is @generated automatically"
    ],
    "content-hash": "6928e4ac776c024b83fbd10a9da7d434",
    "packages": [
        {
            "name": "codeigniter/framework",
            "version": "3.1.4",
            "source": {
                "type": "git",
                "url": "https://github.com/bcit-ci/CodeIgniter.git",
                "reference": "873608df8be83420474e3cf9fc749a8ed12a6c09"
            },
            "dist": {
                "type": "zip",
                "url": "https://api.github.com/repos/bcit-ci/CodeIgniter/zipball/873608df8be83420474e3cf9fc749a8ed12a6c09",
                "reference": "873608df8be83420474e3cf9fc749a8ed12a6c09",
                "shasum": ""
            },
            "require": {
                "php": ">=5.2.4"
            },
            "require-dev": {
                "mikey179/vfsstream": "1.1.*",
                "phpunit/phpunit": "4.* || 5.*"
            },
            "suggest": {
                "paragonie/random_compat": "Provides better randomness in PHP 5.x"
            },
            "type": "project",
            "notification-url": "https://packagist.org/downloads/",
            "license": [
                "MIT"
            ],
            "description": "The CodeIgniter framework",
            "homepage": "https://codeigniter.com",
            "time": "2017-03-20T15:51:08+00:00"
        }
    ],
    "packages-dev": [],
    "aliases": [],
    "minimum-stability": "stable",
    "stability-flags": [],
    "prefer-stable": false,
    "prefer-lowest": false,
    "platform": [],
    "platform-dev": []
}
